
Microsoft Visual Studio Solution File, Format Version 12.00
# Visual Studio Version 17
VisualStudioVersion = 17.0.31903.59
MinimumVisualStudioVersion = 10.0.40219.1
Project("{2150E333-8FDC-42A3-9474-1A3956D46DE8}") = "src", "src", "{2C8BA595-D962-43BF-9035-E9108FB9856F}"
EndProject
Project("{FAE04EC0-301F-11D3-BF4B-00C04F79EFBC}") = "IntLimiter.Core", "src\IntLimiter.Core\IntLimiter.Core.csproj", "{BD7A282D-C87F-4694-B273-58158B99D0F0}"
EndProject
Project("{FAE04EC0-301F-11D3-BF4B-00C04F79EFBC}") = "IntLimiter.DriverBridge", "src\IntLimiter.DriverBridge\IntLimiter.DriverBridge.csproj", "{D775A6F7-64AB-46AF-AE38-FD485EF95493}"
EndProject
Project("{FAE04EC0-301F-11D3-BF4B-00C04F79EFBC}") = "IntLimiter.Service", "src\IntLimiter.Service\IntLimiter.Service.csproj", "{D407DB9A-D140-4E0D-A03E-9E5F3B5E2A38}"
EndProject
Project("{FAE04EC0-301F-11D3-BF4B-00C04F79EFBC}") = "IntLimiter.Client", "src\IntLimiter.Client\IntLimiter.Client.csproj", "{46F97FD0-03D6-460E-8B7C-0C4BDD5C6215}"
EndProject
Project("{2150E333-8FDC-42A3-9474-1A3956D46DE8}") = "tests", "tests", "{E9FCF1D9-96BD-4F4A-97AC-44DB22415EF4}"
EndProject
Project("{FAE04EC0-301F-11D3-BF4B-00C04F79EFBC}") = "IntLimiter.Core.Tests", "tests\IntLimiter.Core.Tests\IntLimiter.Core.Tests.csproj", "{D7071F72-7C6A-4E72-B60E-5BE5913EFF14}"
EndProject
Project("{FAE04EC0-301F-11D3-BF4B-00C04F79EFBC}") = "IntLimiter.Setup", "src\IntLimiter.Setup\IntLimiter.Setup.csproj", "{C0B5B009-F9C1-4960-BF3E-9A69C60B6637}"
EndProject
Global
	GlobalSection(SolutionConfigurationPlatforms) = preSolution
		Debug|Any CPU = Debug|Any CPU
		Release|Any CPU = Release|Any CPU
	EndGlobalSection
	GlobalSection(SolutionProperties) = preSolution
		HideSolutionNode = FALSE
	EndGlobalSection
	GlobalSection(ProjectConfigurationPlatforms) = postSolution
		{BD7A282D-C87F-4694-B273-58158B99D0F0}.Debug|Any CPU.ActiveCfg = Debug|Any CPU
		{BD7A282D-C87F-4694-B273-58158B99D0F0}.Debug|Any CPU.Build.0 = Debug|Any CPU
		{BD7A282D-C87F-4694-B273-58158B99D0F0}.Release|Any CPU.ActiveCfg = Release|Any CPU
		{BD7A282D-C87F-4694-B273-58158B99D0F0}.Release|Any CPU.Build.0 = Release|Any CPU
		{D775A6F7-64AB-46AF-AE38-FD485EF95493}.Debug|Any CPU.ActiveCfg = Debug|Any CPU
		{D775A6F7-64AB-46AF-AE38-FD485EF95493}.Debug|Any CPU.Build.0 = Debug|Any CPU
		{D775A6F7-64AB-46AF-AE38-FD485EF95493}.Release|Any CPU.ActiveCfg = Release|Any CPU
		{D775A6F7-64AB-46AF-AE38-FD485EF95493}.Release|Any CPU.Build.0 = Release|Any CPU
		{D407DB9A-D140-4E0D-A03E-9E5F3B5E2A38}.Debug|Any CPU.ActiveCfg = Debug|Any CPU
		{D407DB9A-D140-4E0D-A03E-9E5F3B5E2A38}.Debug|Any CPU.Build.0 = Debug|Any CPU
		{D407DB9A-D140-4E0D-A03E-9E5F3B5E2A38}.Release|Any CPU.ActiveCfg = Release|Any CPU
		{D407DB9A-D140-4E0D-A03E-9E5F3B5E2A38}.Release|Any CPU.Build.0 = Release|Any CPU
		{46F97FD0-03D6-460E-8B7C-0C4BDD5C6215}.Debug|Any CPU.ActiveCfg = Debug|Any CPU
		{46F97FD0-03D6-460E-8B7C-0C4BDD5C6215}.Debug|Any CPU.Build.0 = Debug|Any CPU
		{46F97FD0-03D6-460E-8B7C-0C4BDD5C6215}.Release|Any CPU.ActiveCfg = Release|Any CPU
		{46F97FD0-03D6-460E-8B7C-0C4BDD5C6215}.Release|Any CPU.Build.0 = Release|Any CPU
		{D7071F72-7C6A-4E72-B60E-5BE5913EFF14}.Debug|Any CPU.ActiveCfg = Debug|Any CPU
		{D7071F72-7C6A-4E72-B60E-5BE5913EFF14}.Debug|Any CPU.Build.0 = Debug|Any CPU
		{D7071F72-7C6A-4E72-B60E-5BE5913EFF14}.Release|Any CPU.ActiveCfg = Release|Any CPU
		{D7071F72-7C6A-4E72-B60E-5BE5913EFF14}.Release|Any CPU.Build.0 = Release|Any CPU
		{C0B5B009-F9C1-4960-BF3E-9A69C60B6637}.Debug|Any CPU.ActiveCfg = Debug|Any CPU
		{C0B5B009-F9C1-4960-BF3E-9A69C60B6637}.Debug|Any CPU.Build.0 = Debug|Any CPU
		{C0B5B009-F9C1-4960-BF3E-9A69C60B6637}.Release|Any CPU.ActiveCfg = Release|Any CPU
		{C0B5B009-F9C1-4960-BF3E-9A69C60B6637}.Release|Any CPU.Build.0 = Release|Any CPU
	EndGlobalSection
	GlobalSection(NestedProjects) = preSolution
		{BD7A282D-C87F-4694-B273-58158B99D0F0} = {2C8BA595-D962-43BF-9035-E9108FB9856F}
		{D775A6F7-64AB-46AF-AE38-FD485EF95493} = {2C8BA595-D962-43BF-9035-E9108FB9856F}
		{D407DB9A-D140-4E0D-A03E-9E5F3B5E2A38} = {2C8BA595-D962-43BF-9035-E9108FB9856F}
		{46F97FD0-03D6-460E-8B7C-0C4BDD5C6215} = {2C8BA595-D962-43BF-9035-E9108FB9856F}
		{D7071F72-7C6A-4E72-B60E-5BE5913EFF14} = {E9FCF1D9-96BD-4F4A-97AC-44DB22415EF4}
		{C0B5B009-F9C1-4960-BF3E-9A69C60B6637} = {2C8BA595-D962-43BF-9035-E9108FB9856F}
	EndGlobalSection
EndGlobal
