
Microsoft Visual Studio Solution File, Format Version 12.00
# Visual Studio Version 17
VisualStudioVersion = 17.0.31903.59
MinimumVisualStudioVersion = 10.0.40219.1
Project("{2150E333-8FDC-42A3-9474-1A3956D46DE8}") = "src", "src", "{827E0CD3-B72D-47B6-A68D-7590B98EB39B}"
EndProject
Project("{FAE04EC0-301F-11D3-BF4B-00C04F79EFBC}") = "IntLimiter.Core", "src\IntLimiter.Core\IntLimiter.Core.csproj", "{B0E159EF-7DA8-463C-A43A-094BFB2305AD}"
EndProject
Project("{FAE04EC0-301F-11D3-BF4B-00C04F79EFBC}") = "IntLimiter.Infrastructure", "src\IntLimiter.Infrastructure\IntLimiter.Infrastructure.csproj", "{01D8E016-3572-4949-BDA1-E68E2A6EEC25}"
EndProject
Project("{FAE04EC0-301F-11D3-BF4B-00C04F79EFBC}") = "IntLimiter.Monitoring", "src\IntLimiter.Monitoring\IntLimiter.Monitoring.csproj", "{7F258A54-FD99-4BE6-AC85-88A681CC2A29}"
EndProject
Project("{FAE04EC0-301F-11D3-BF4B-00C04F79EFBC}") = "IntLimiter.RateLimiting", "src\IntLimiter.RateLimiting\IntLimiter.RateLimiting.csproj", "{1477D1C9-2A7C-45D2-BC0A-A59898AB1D3D}"
EndProject
Project("{FAE04EC0-301F-11D3-BF4B-00C04F79EFBC}") = "IntLimiter.Service", "src\IntLimiter.Service\IntLimiter.Service.csproj", "{586968D4-5E9F-41C0-8005-60D74756C40F}"
EndProject
Project("{FAE04EC0-301F-11D3-BF4B-00C04F79EFBC}") = "IntLimiter.Updater", "src\IntLimiter.Updater\IntLimiter.Updater.csproj", "{A9537981-B872-492E-80D2-7631DFC6E823}"
EndProject
Project("{FAE04EC0-301F-11D3-BF4B-00C04F79EFBC}") = "IntLimiter.UI", "src\IntLimiter.UI\IntLimiter.UI.csproj", "{21854D0F-AC9B-4041-ACB1-E885A3AE837B}"
EndProject
Project("{FAE04EC0-301F-11D3-BF4B-00C04F79EFBC}") = "IntLimiter.App", "src\IntLimiter.App\IntLimiter.App.csproj", "{9F02E5A6-61D6-43D9-815E-9DE0A037CF1C}"
EndProject
Project("{2150E333-8FDC-42A3-9474-1A3956D46DE8}") = "tests", "tests", "{0AB3BF05-4346-4AA6-1389-037BE0695223}"
EndProject
Project("{FAE04EC0-301F-11D3-BF4B-00C04F79EFBC}") = "IntLimiter.Core.Tests", "tests\IntLimiter.Core.Tests\IntLimiter.Core.Tests.csproj", "{0079696B-DE29-4E65-8878-0925EB6DB941}"
EndProject
Global
	GlobalSection(SolutionConfigurationPlatforms) = preSolution
		Debug|Any CPU = Debug|Any CPU
		Debug|x64 = Debug|x64
		Debug|x86 = Debug|x86
		Release|Any CPU = Release|Any CPU
		Release|x64 = Release|x64
		Release|x86 = Release|x86
	EndGlobalSection
	GlobalSection(ProjectConfigurationPlatforms) = postSolution
		{B0E159EF-7DA8-463C-A43A-094BFB2305AD}.Debug|Any CPU.ActiveCfg = Debug|Any CPU
		{B0E159EF-7DA8-463C-A43A-094BFB2305AD}.Debug|Any CPU.Build.0 = Debug|Any CPU
		{B0E159EF-7DA8-463C-A43A-094BFB2305AD}.Debug|x64.ActiveCfg = Debug|Any CPU
		{B0E159EF-7DA8-463C-A43A-094BFB2305AD}.Debug|x64.Build.0 = Debug|Any CPU
		{B0E159EF-7DA8-463C-A43A-094BFB2305AD}.Debug|x86.ActiveCfg = Debug|Any CPU
		{B0E159EF-7DA8-463C-A43A-094BFB2305AD}.Debug|x86.Build.0 = Debug|Any CPU
		{B0E159EF-7DA8-463C-A43A-094BFB2305AD}.Release|Any CPU.ActiveCfg = Release|Any CPU
		{B0E159EF-7DA8-463C-A43A-094BFB2305AD}.Release|Any CPU.Build.0 = Release|Any CPU
		{B0E159EF-7DA8-463C-A43A-094BFB2305AD}.Release|x64.ActiveCfg = Release|Any CPU
		{B0E159EF-7DA8-463C-A43A-094BFB2305AD}.Release|x64.Build.0 = Release|Any CPU
		{B0E159EF-7DA8-463C-A43A-094BFB2305AD}.Release|x86.ActiveCfg = Release|Any CPU
		{B0E159EF-7DA8-463C-A43A-094BFB2305AD}.Release|x86.Build.0 = Release|Any CPU
		{01D8E016-3572-4949-BDA1-E68E2A6EEC25}.Debug|Any CPU.ActiveCfg = Debug|Any CPU
		{01D8E016-3572-4949-BDA1-E68E2A6EEC25}.Debug|Any CPU.Build.0 = Debug|Any CPU
		{01D8E016-3572-4949-BDA1-E68E2A6EEC25}.Debug|x64.ActiveCfg = Debug|Any CPU
		{01D8E016-3572-4949-BDA1-E68E2A6EEC25}.Debug|x64.Build.0 = Debug|Any CPU
		{01D8E016-3572-4949-BDA1-E68E2A6EEC25}.Debug|x86.ActiveCfg = Debug|Any CPU
		{01D8E016-3572-4949-BDA1-E68E2A6EEC25}.Debug|x86.Build.0 = Debug|Any CPU
		{01D8E016-3572-4949-BDA1-E68E2A6EEC25}.Release|Any CPU.ActiveCfg = Release|Any CPU
		{01D8E016-3572-4949-BDA1-E68E2A6EEC25}.Release|Any CPU.Build.0 = Release|Any CPU
		{01D8E016-3572-4949-BDA1-E68E2A6EEC25}.Release|x64.ActiveCfg = Release|Any CPU
		{01D8E016-3572-4949-BDA1-E68E2A6EEC25}.Release|x64.Build.0 = Release|Any CPU
		{01D8E016-3572-4949-BDA1-E68E2A6EEC25}.Release|x86.ActiveCfg = Release|Any CPU
		{01D8E016-3572-4949-BDA1-E68E2A6EEC25}.Release|x86.Build.0 = Release|Any CPU
		{7F258A54-FD99-4BE6-AC85-88A681CC2A29}.Debug|Any CPU.ActiveCfg = Debug|Any CPU
		{7F258A54-FD99-4BE6-AC85-88A681CC2A29}.Debug|Any CPU.Build.0 = Debug|Any CPU
		{7F258A54-FD99-4BE6-AC85-88A681CC2A29}.Debug|x64.ActiveCfg = Debug|Any CPU
		{7F258A54-FD99-4BE6-AC85-88A681CC2A29}.Debug|x64.Build.0 = Debug|Any CPU
		{7F258A54-FD99-4BE6-AC85-88A681CC2A29}.Debug|x86.ActiveCfg = Debug|Any CPU
		{7F258A54-FD99-4BE6-AC85-88A681CC2A29}.Debug|x86.Build.0 = Debug|Any CPU
		{7F258A54-FD99-4BE6-AC85-88A681CC2A29}.Release|Any CPU.ActiveCfg = Release|Any CPU
		{7F258A54-FD99-4BE6-AC85-88A681CC2A29}.Release|Any CPU.Build.0 = Release|Any CPU
		{7F258A54-FD99-4BE6-AC85-88A681CC2A29}.Release|x64.ActiveCfg = Release|Any CPU
		{7F258A54-FD99-4BE6-AC85-88A681CC2A29}.Release|x64.Build.0 = Release|Any CPU
		{7F258A54-FD99-4BE6-AC85-88A681CC2A29}.Release|x86.ActiveCfg = Release|Any CPU
		{7F258A54-FD99-4BE6-AC85-88A681CC2A29}.Release|x86.Build.0 = Release|Any CPU
		{1477D1C9-2A7C-45D2-BC0A-A59898AB1D3D}.Debug|Any CPU.ActiveCfg = Debug|Any CPU
		{1477D1C9-2A7C-45D2-BC0A-A59898AB1D3D}.Debug|Any CPU.Build.0 = Debug|Any CPU
		{1477D1C9-2A7C-45D2-BC0A-A59898AB1D3D}.Debug|x64.ActiveCfg = Debug|Any CPU
		{1477D1C9-2A7C-45D2-BC0A-A59898AB1D3D}.Debug|x64.Build.0 = Debug|Any CPU
		{1477D1C9-2A7C-45D2-BC0A-A59898AB1D3D}.Debug|x86.ActiveCfg = Debug|Any CPU
		{1477D1C9-2A7C-45D2-BC0A-A59898AB1D3D}.Debug|x86.Build.0 = Debug|Any CPU
		{1477D1C9-2A7C-45D2-BC0A-A59898AB1D3D}.Release|Any CPU.ActiveCfg = Release|Any CPU
		{1477D1C9-2A7C-45D2-BC0A-A59898AB1D3D}.Release|Any CPU.Build.0 = Release|Any CPU
		{1477D1C9-2A7C-45D2-BC0A-A59898AB1D3D}.Release|x64.ActiveCfg = Release|Any CPU
		{1477D1C9-2A7C-45D2-BC0A-A59898AB1D3D}.Release|x64.Build.0 = Release|Any CPU
		{1477D1C9-2A7C-45D2-BC0A-A59898AB1D3D}.Release|x86.ActiveCfg = Release|Any CPU
		{1477D1C9-2A7C-45D2-BC0A-A59898AB1D3D}.Release|x86.Build.0 = Release|Any CPU
		{586968D4-5E9F-41C0-8005-60D74756C40F}.Debug|Any CPU.ActiveCfg = Debug|Any CPU
		{586968D4-5E9F-41C0-8005-60D74756C40F}.Debug|Any CPU.Build.0 = Debug|Any CPU
		{586968D4-5E9F-41C0-8005-60D74756C40F}.Debug|x64.ActiveCfg = Debug|Any CPU
		{586968D4-5E9F-41C0-8005-60D74756C40F}.Debug|x64.Build.0 = Debug|Any CPU
		{586968D4-5E9F-41C0-8005-60D74756C40F}.Debug|x86.ActiveCfg = Debug|Any CPU
		{586968D4-5E9F-41C0-8005-60D74756C40F}.Debug|x86.Build.0 = Debug|Any CPU
		{586968D4-5E9F-41C0-8005-60D74756C40F}.Release|Any CPU.ActiveCfg = Release|Any CPU
		{586968D4-5E9F-41C0-8005-60D74756C40F}.Release|Any CPU.Build.0 = Release|Any CPU
		{586968D4-5E9F-41C0-8005-60D74756C40F}.Release|x64.ActiveCfg = Release|Any CPU
		{586968D4-5E9F-41C0-8005-60D74756C40F}.Release|x64.Build.0 = Release|Any CPU
		{586968D4-5E9F-41C0-8005-60D74756C40F}.Release|x86.ActiveCfg = Release|Any CPU
		{586968D4-5E9F-41C0-8005-60D74756C40F}.Release|x86.Build.0 = Release|Any CPU
		{A9537981-B872-492E-80D2-7631DFC6E823}.Debug|Any CPU.ActiveCfg = Debug|Any CPU
		{A9537981-B872-492E-80D2-7631DFC6E823}.Debug|Any CPU.Build.0 = Debug|Any CPU
		{A9537981-B872-492E-80D2-7631DFC6E823}.Debug|x64.ActiveCfg = Debug|Any CPU
		{A9537981-B872-492E-80D2-7631DFC6E823}.Debug|x64.Build.0 = Debug|Any CPU
		{A9537981-B872-492E-80D2-7631DFC6E823}.Debug|x86.ActiveCfg = Debug|Any CPU
		{A9537981-B872-492E-80D2-7631DFC6E823}.Debug|x86.Build.0 = Debug|Any CPU
		{A9537981-B872-492E-80D2-7631DFC6E823}.Release|Any CPU.ActiveCfg = Release|Any CPU
		{A9537981-B872-492E-80D2-7631DFC6E823}.Release|Any CPU.Build.0 = Release|Any CPU
		{A9537981-B872-492E-80D2-7631DFC6E823}.Release|x64.ActiveCfg = Release|Any CPU
		{A9537981-B872-492E-80D2-7631DFC6E823}.Release|x64.Build.0 = Release|Any CPU
		{A9537981-B872-492E-80D2-7631DFC6E823}.Release|x86.ActiveCfg = Release|Any CPU
		{A9537981-B872-492E-80D2-7631DFC6E823}.Release|x86.Build.0 = Release|Any CPU
		{21854D0F-AC9B-4041-ACB1-E885A3AE837B}.Debug|Any CPU.ActiveCfg = Debug|Any CPU
		{21854D0F-AC9B-4041-ACB1-E885A3AE837B}.Debug|Any CPU.Build.0 = Debug|Any CPU
		{21854D0F-AC9B-4041-ACB1-E885A3AE837B}.Debug|x64.ActiveCfg = Debug|Any CPU
		{21854D0F-AC9B-4041-ACB1-E885A3AE837B}.Debug|x64.Build.0 = Debug|Any CPU
		{21854D0F-AC9B-4041-ACB1-E885A3AE837B}.Debug|x86.ActiveCfg = Debug|Any CPU
		{21854D0F-AC9B-4041-ACB1-E885A3AE837B}.Debug|x86.Build.0 = Debug|Any CPU
		{21854D0F-AC9B-4041-ACB1-E885A3AE837B}.Release|Any CPU.ActiveCfg = Release|Any CPU
		{21854D0F-AC9B-4041-ACB1-E885A3AE837B}.Release|Any CPU.Build.0 = Release|Any CPU
		{21854D0F-AC9B-4041-ACB1-E885A3AE837B}.Release|x64.ActiveCfg = Release|Any CPU
		{21854D0F-AC9B-4041-ACB1-E885A3AE837B}.Release|x64.Build.0 = Release|Any CPU
		{21854D0F-AC9B-4041-ACB1-E885A3AE837B}.Release|x86.ActiveCfg = Release|Any CPU
		{21854D0F-AC9B-4041-ACB1-E885A3AE837B}.Release|x86.Build.0 = Release|Any CPU
		{9F02E5A6-61D6-43D9-815E-9DE0A037CF1C}.Debug|Any CPU.ActiveCfg = Debug|Any CPU
		{9F02E5A6-61D6-43D9-815E-9DE0A037CF1C}.Debug|Any CPU.Build.0 = Debug|Any CPU
		{9F02E5A6-61D6-43D9-815E-9DE0A037CF1C}.Debug|x64.ActiveCfg = Debug|Any CPU
		{9F02E5A6-61D6-43D9-815E-9DE0A037CF1C}.Debug|x64.Build.0 = Debug|Any CPU
		{9F02E5A6-61D6-43D9-815E-9DE0A037CF1C}.Debug|x86.ActiveCfg = Debug|Any CPU
		{9F02E5A6-61D6-43D9-815E-9DE0A037CF1C}.Debug|x86.Build.0 = Debug|Any CPU
		{9F02E5A6-61D6-43D9-815E-9DE0A037CF1C}.Release|Any CPU.ActiveCfg = Release|Any CPU
		{9F02E5A6-61D6-43D9-815E-9DE0A037CF1C}.Release|Any CPU.Build.0 = Release|Any CPU
		{9F02E5A6-61D6-43D9-815E-9DE0A037CF1C}.Release|x64.ActiveCfg = Release|Any CPU
		{9F02E5A6-61D6-43D9-815E-9DE0A037CF1C}.Release|x64.Build.0 = Release|Any CPU
		{9F02E5A6-61D6-43D9-815E-9DE0A037CF1C}.Release|x86.ActiveCfg = Release|Any CPU
		{9F02E5A6-61D6-43D9-815E-9DE0A037CF1C}.Release|x86.Build.0 = Release|Any CPU
		{0079696B-DE29-4E65-8878-0925EB6DB941}.Debug|Any CPU.ActiveCfg = Debug|Any CPU
		{0079696B-DE29-4E65-8878-0925EB6DB941}.Debug|Any CPU.Build.0 = Debug|Any CPU
		{0079696B-DE29-4E65-8878-0925EB6DB941}.Debug|x64.ActiveCfg = Debug|Any CPU
		{0079696B-DE29-4E65-8878-0925EB6DB941}.Debug|x64.Build.0 = Debug|Any CPU
		{0079696B-DE29-4E65-8878-0925EB6DB941}.Debug|x86.ActiveCfg = Debug|Any CPU
		{0079696B-DE29-4E65-8878-0925EB6DB941}.Debug|x86.Build.0 = Debug|Any CPU
		{0079696B-DE29-4E65-8878-0925EB6DB941}.Release|Any CPU.ActiveCfg = Release|Any CPU
		{0079696B-DE29-4E65-8878-0925EB6DB941}.Release|Any CPU.Build.0 = Release|Any CPU
		{0079696B-DE29-4E65-8878-0925EB6DB941}.Release|x64.ActiveCfg = Release|Any CPU
		{0079696B-DE29-4E65-8878-0925EB6DB941}.Release|x64.Build.0 = Release|Any CPU
		{0079696B-DE29-4E65-8878-0925EB6DB941}.Release|x86.ActiveCfg = Release|Any CPU
		{0079696B-DE29-4E65-8878-0925EB6DB941}.Release|x86.Build.0 = Release|Any CPU
	EndGlobalSection
	GlobalSection(SolutionProperties) = preSolution
		HideSolutionNode = FALSE
	EndGlobalSection
	GlobalSection(NestedProjects) = preSolution
		{B0E159EF-7DA8-463C-A43A-094BFB2305AD} = {827E0CD3-B72D-47B6-A68D-7590B98EB39B}
		{01D8E016-3572-4949-BDA1-E68E2A6EEC25} = {827E0CD3-B72D-47B6-A68D-7590B98EB39B}
		{7F258A54-FD99-4BE6-AC85-88A681CC2A29} = {827E0CD3-B72D-47B6-A68D-7590B98EB39B}
		{1477D1C9-2A7C-45D2-BC0A-A59898AB1D3D} = {827E0CD3-B72D-47B6-A68D-7590B98EB39B}
		{586968D4-5E9F-41C0-8005-60D74756C40F} = {827E0CD3-B72D-47B6-A68D-7590B98EB39B}
		{A9537981-B872-492E-80D2-7631DFC6E823} = {827E0CD3-B72D-47B6-A68D-7590B98EB39B}
		{21854D0F-AC9B-4041-ACB1-E885A3AE837B} = {827E0CD3-B72D-47B6-A68D-7590B98EB39B}
		{9F02E5A6-61D6-43D9-815E-9DE0A037CF1C} = {827E0CD3-B72D-47B6-A68D-7590B98EB39B}
		{0079696B-DE29-4E65-8878-0925EB6DB941} = {0AB3BF05-4346-4AA6-1389-037BE0695223}
	EndGlobalSection
EndGlobal
